{
  "object": {
    "pins": [
      {
        "package": "open-crypto",
        "repositoryURL": "https://github.com/vapor/open-crypto.git",
        "state": {
          "branch": null,
          "revision": "06d26edb8e28295bb7103b4f950d5ea58d634c1b",
          "version": "4.0.0-alpha.2"
        }
      },
      {
        "package": "swift-nio",
        "repositoryURL": "https://github.com/apple/swift-nio.git",
        "state": {
          "branch": null,
          "revision": "9201908b54578aa33f1d1826a5a680aca8991843",
          "version": "2.8.0"
        }
      },
      {
        "package": "ZIPFoundation",
        "repositoryURL": "https://github.com/weichsel/ZIPFoundation.git",
        "state": {
          "branch": null,
          "revision": "edbeaa39b426e54702194b0a601342322f01e400",
          "version": "0.9.9"
        }
      }
    ]
  },
  "version": 1
}
